# This file is generated by running "yarn install" inside your project.
# Manual changes might be lost - proceed with caution!

__metadata:
  version: 6
  cacheKey: 8

"Bar.widget@workspace:.":
  version: 0.0.0-use.local
  resolution: "Bar.widget@workspace:."
  dependencies:
    date-fns: 2.29.3
  languageName: unknown
  linkType: soft

"date-fns@npm:2.29.3":
  version: 2.29.3
  resolution: "date-fns@npm:2.29.3"
  checksum: e01cf5b62af04e05dfff921bb9c9933310ed0e1ae9a81eb8653452e64dc841acf7f6e01e1a5ae5644d0337e9a7f936175fd2cb6819dc122fdd9c5e86c56be484
  languageName: node
  linkType: hard
